
Microsoft Visual Studio Solution File, Format Version 12.00
# Visual Studio Version 17
VisualStudioVersion = 17.7.34031.279
MinimumVisualStudioVersion = 10.0.40219.1
Project("{FAE04EC0-301F-11D3-BF4B-00C04F79EFBC}") = "BugTrackerApi", "BugTrackerApi\BugTrackerApi.csproj", "{90C19EB1-97E8-484E-86E5-F18656761B21}"
EndProject
Project("{FAE04EC0-301F-11D3-BF4B-00C04F79EFBC}") = "BugTrackingApi.ContractTests", "BugTrackingApi.ContractTests\BugTrackingApi.ContractTests.csproj", "{A6279DC6-1FC5-44B1-90B4-163F91C58540}"
EndProject
Global
	GlobalSection(SolutionConfigurationPlatforms) = preSolution
		Debug|Any CPU = Debug|Any CPU
		Release|Any CPU = Release|Any CPU
	EndGlobalSection
	GlobalSection(ProjectConfigurationPlatforms) = postSolution
		{90C19EB1-97E8-484E-86E5-F18656761B21}.Debug|Any CPU.ActiveCfg = Debug|Any CPU
		{90C19EB1-97E8-484E-86E5-F18656761B21}.Debug|Any CPU.Build.0 = Debug|Any CPU
		{90C19EB1-97E8-484E-86E5-F18656761B21}.Release|Any CPU.ActiveCfg = Release|Any CPU
		{90C19EB1-97E8-484E-86E5-F18656761B21}.Release|Any CPU.Build.0 = Release|Any CPU
		{A6279DC6-1FC5-44B1-90B4-163F91C58540}.Debug|Any CPU.ActiveCfg = Debug|Any CPU
		{A6279DC6-1FC5-44B1-90B4-163F91C58540}.Debug|Any CPU.Build.0 = Debug|Any CPU
		{A6279DC6-1FC5-44B1-90B4-163F91C58540}.Release|Any CPU.ActiveCfg = Release|Any CPU
		{A6279DC6-1FC5-44B1-90B4-163F91C58540}.Release|Any CPU.Build.0 = Release|Any CPU
	EndGlobalSection
	GlobalSection(SolutionProperties) = preSolution
		HideSolutionNode = FALSE
	EndGlobalSection
	GlobalSection(ExtensibilityGlobals) = postSolution
		SolutionGuid = {7C561071-BE56-48B3-A865-5CF12708B445}
	EndGlobalSection
EndGlobal
